// !$*UTF8*$!
{
	archiveVersion = 1;
	classes = {
	};
	objectVersion = 46;
	objects = {

/* Begin PBXBuildFile section */
		840AB13813BEE8EA00B0E3DA /* UIKit.framework in Frameworks */ = {isa = PBXBuildFile; fileRef = 840AB13713BEE8EA00B0E3DA /* UIKit.framework */; };
		840AB13A13BEE8EA00B0E3DA /* Foundation.framework in Frameworks */ = {isa = PBXBuildFile; fileRef = 840AB13913BEE8EA00B0E3DA /* Foundation.framework */; };
		840AB13C13BEE8EA00B0E3DA /* CoreGraphics.framework in Frameworks */ = {isa = PBXBuildFile; fileRef = 840AB13B13BEE8EA00B0E3DA /* CoreGraphics.framework */; };
		840AB14213BEE8EA00B0E3DA /* InfoPlist.strings in Resources */ = {isa = PBXBuildFile; fileRef = 840AB14013BEE8EA00B0E3DA /* InfoPlist.strings */; };
		840AB14513BEE8EA00B0E3DA /* main.m in Sources */ = {isa = PBXBuildFile; fileRef = 840AB14413BEE8EA00B0E3DA /* main.m */; };
		840AB14813BEE8EA00B0E3DA /* DocumentosAppDelegate.m in Sources */ = {isa = PBXBuildFile; fileRef = 840AB14713BEE8EA00B0E3DA /* DocumentosAppDelegate.m */; };
		840AB14B13BEE8EA00B0E3DA /* MainWindow.xib in Resources */ = {isa = PBXBuildFile; fileRef = 840AB14913BEE8EA00B0E3DA /* MainWindow.xib */; };
		840AB14E13BEE8EA00B0E3DA /* RootViewController.m in Sources */ = {isa = PBXBuildFile; fileRef = 840AB14D13BEE8EA00B0E3DA /* RootViewController.m */; };
		840AB15113BEE8EA00B0E3DA /* RootViewController.xib in Resources */ = {isa = PBXBuildFile; fileRef = 840AB14F13BEE8EA00B0E3DA /* RootViewController.xib */; };
		840AB17813BEEF2F00B0E3DA /* ImportFileViewController.m in Sources */ = {isa = PBXBuildFile; fileRef = 840AB17613BEEF2E00B0E3DA /* ImportFileViewController.m */; };
		840AB17913BEEF2F00B0E3DA /* ImportFileViewController.xib in Resources */ = {isa = PBXBuildFile; fileRef = 840AB17713BEEF2E00B0E3DA /* ImportFileViewController.xib */; };
		840AB17B13BEF8CB00B0E3DA /* QuickLook.framework in Frameworks */ = {isa = PBXBuildFile; fileRef = 840AB17A13BEF8CB00B0E3DA /* QuickLook.framework */; };
/* End PBXBuildFile section */

/* Begin PBXFileReference section */
		840AB13313BEE8EA00B0E3DA /* Documentos.app */ = {isa = PBXFileReference; explicitFileType = wrapper.application; includeInIndex = 0; path = Documentos.app; sourceTree = BUILT_PRODUCTS_DIR; };
		840AB13713BEE8EA00B0E3DA /* UIKit.framework */ = {isa = PBXFileReference; lastKnownFileType = wrapper.framework; name = UIKit.framework; path = System/Library/Frameworks/UIKit.framework; sourceTree = SDKROOT; };
		840AB13913BEE8EA00B0E3DA /* Foundation.framework */ = {isa = PBXFileReference; lastKnownFileType = wrapper.framework; name = Foundation.framework; path = System/Library/Frameworks/Foundation.framework; sourceTree = SDKROOT; };
		840AB13B13BEE8EA00B0E3DA /* CoreGraphics.framework */ = {isa = PBXFileReference; lastKnownFileType = wrapper.framework; name = CoreGraphics.framework; path = System/Library/Frameworks/CoreGraphics.framework; sourceTree = SDKROOT; };
		840AB13F13BEE8EA00B0E3DA /* Documentos-Info.plist */ = {isa = PBXFileReference; lastKnownFileType = text.plist.xml; path = "Documentos-Info.plist"; sourceTree = "<group>"; };
		840AB14113BEE8EA00B0E3DA /* en */ = {isa = PBXFileReference; lastKnownFileType = text.plist.strings; name = en; path = en.lproj/InfoPlist.strings; sourceTree = "<group>"; };
		840AB14313BEE8EA00B0E3DA /* Documentos-Prefix.pch */ = {isa = PBXFileReference; lastKnownFileType = sourcecode.c.h; path = "Documentos-Prefix.pch"; sourceTree = "<group>"; };
		840AB14413BEE8EA00B0E3DA /* main.m */ = {isa = PBXFileReference; lastKnownFileType = sourcecode.c.objc; path = main.m; sourceTree = "<group>"; };
		840AB14613BEE8EA00B0E3DA /* DocumentosAppDelegate.h */ = {isa = PBXFileReference; lastKnownFileType = sourcecode.c.h; path = DocumentosAppDelegate.h; sourceTree = "<group>"; };
		840AB14713BEE8EA00B0E3DA /* DocumentosAppDelegate.m */ = {isa = PBXFileReference; lastKnownFileType = sourcecode.c.objc; path = DocumentosAppDelegate.m; sourceTree = "<group>"; };
		840AB14A13BEE8EA00B0E3DA /* en */ = {isa = PBXFileReference; lastKnownFileType = file.xib; name = en; path = en.lproj/MainWindow.xib; sourceTree = "<group>"; };
		840AB14C13BEE8EA00B0E3DA /* RootViewController.h */ = {isa = PBXFileReference; lastKnownFileType = sourcecode.c.h; path = RootViewController.h; sourceTree = "<group>"; };
		840AB14D13BEE8EA00B0E3DA /* RootViewController.m */ = {isa = PBXFileReference; lastKnownFileType = sourcecode.c.objc; path = RootViewController.m; sourceTree = "<group>"; };
		840AB15013BEE8EA00B0E3DA /* en */ = {isa = PBXFileReference; lastKnownFileType = file.xib; name = en; path = en.lproj/RootViewController.xib; sourceTree = "<group>"; };
		840AB17513BEEF2E00B0E3DA /* ImportFileViewController.h */ = {isa = PBXFileReference; fileEncoding = 4; lastKnownFileType = sourcecode.c.h; path = ImportFileViewController.h; sourceTree = "<group>"; };
		840AB17613BEEF2E00B0E3DA /* ImportFileViewController.m */ = {isa = PBXFileReference; fileEncoding = 4; lastKnownFileType = sourcecode.c.objc; path = ImportFileViewController.m; sourceTree = "<group>"; };
		840AB17713BEEF2E00B0E3DA /* ImportFileViewController.xib */ = {isa = PBXFileReference; fileEncoding = 4; lastKnownFileType = file.xib; path = ImportFileViewController.xib; sourceTree = "<group>"; };
		840AB17A13BEF8CB00B0E3DA /* QuickLook.framework */ = {isa = PBXFileReference; lastKnownFileType = wrapper.framework; name = QuickLook.framework; path = System/Library/Frameworks/QuickLook.framework; sourceTree = SDKROOT; };
/* End PBXFileReference section */

/* Begin PBXFrameworksBuildPhase section */
		840AB13013BEE8EA00B0E3DA /* Frameworks */ = {
			isa = PBXFrameworksBuildPhase;
			buildActionMask = 2147483647;
			files = (
				840AB17B13BEF8CB00B0E3DA /* QuickLook.framework in Frameworks */,
				840AB13813BEE8EA00B0E3DA /* UIKit.framework in Frameworks */,
				840AB13A13BEE8EA00B0E3DA /* Foundation.framework in Frameworks */,
				840AB13C13BEE8EA00B0E3DA /* CoreGraphics.framework in Frameworks */,
			);
			runOnlyForDeploymentPostprocessing = 0;
		};
/* End PBXFrameworksBuildPhase section */

/* Begin PBXGroup section */
		840AB12813BEE8EA00B0E3DA = {
			isa = PBXGroup;
			children = (
				840AB13D13BEE8EA00B0E3DA /* Documentos */,
				840AB13613BEE8EA00B0E3DA /* Frameworks */,
				840AB13413BEE8EA00B0E3DA /* Products */,
			);
			sourceTree = "<group>";
		};
		840AB13413BEE8EA00B0E3DA /* Products */ = {
			isa = PBXGroup;
			children = (
				840AB13313BEE8EA00B0E3DA /* Documentos.app */,
			);
			name = Products;
			sourceTree = "<group>";
		};
		840AB13613BEE8EA00B0E3DA /* Frameworks */ = {
			isa = PBXGroup;
			children = (
				840AB17A13BEF8CB00B0E3DA /* QuickLook.framework */,
				840AB13713BEE8EA00B0E3DA /* UIKit.framework */,
				840AB13913BEE8EA00B0E3DA /* Foundation.framework */,
				840AB13B13BEE8EA00B0E3DA /* CoreGraphics.framework */,
			);
			name = Frameworks;
			sourceTree = "<group>";
		};
		840AB13D13BEE8EA00B0E3DA /* Documentos */ = {
			isa = PBXGroup;
			children = (
				840AB14613BEE8EA00B0E3DA /* DocumentosAppDelegate.h */,
				840AB14713BEE8EA00B0E3DA /* DocumentosAppDelegate.m */,
				840AB14C13BEE8EA00B0E3DA /* RootViewController.h */,
				840AB14D13BEE8EA00B0E3DA /* RootViewController.m */,
				840AB17513BEEF2E00B0E3DA /* ImportFileViewController.h */,
				840AB17613BEEF2E00B0E3DA /* ImportFileViewController.m */,
				840AB14913BEE8EA00B0E3DA /* MainWindow.xib */,
				840AB14F13BEE8EA00B0E3DA /* RootViewController.xib */,
				840AB17713BEEF2E00B0E3DA /* ImportFileViewController.xib */,
				840AB13E13BEE8EA00B0E3DA /* Supporting Files */,
			);
			path = Documentos;
			sourceTree = "<group>";
		};
		840AB13E13BEE8EA00B0E3DA /* Supporting Files */ = {
			isa = PBXGroup;
			children = (
				840AB13F13BEE8EA00B0E3DA /* Documentos-Info.plist */,
				840AB14013BEE8EA00B0E3DA /* InfoPlist.strings */,
				840AB14313BEE8EA00B0E3DA /* Documentos-Prefix.pch */,
				840AB14413BEE8EA00B0E3DA /* main.m */,
			);
			name = "Supporting Files";
			sourceTree = "<group>";
		};
/* End PBXGroup section */

/* Begin PBXNativeTarget section */
		840AB13213BEE8EA00B0E3DA /* Documentos */ = {
			isa = PBXNativeTarget;
			buildConfigurationList = 840AB15413BEE8EA00B0E3DA /* Build configuration list for PBXNativeTarget "Documentos" */;
			buildPhases = (
				840AB12F13BEE8EA00B0E3DA /* Sources */,
				840AB13013BEE8EA00B0E3DA /* Frameworks */,
				840AB13113BEE8EA00B0E3DA /* Resources */,
			);
			buildRules = (
			);
			dependencies = (
			);
			name = Documentos;
			productName = Documentos;
			productReference = 840AB13313BEE8EA00B0E3DA /* Documentos.app */;
			productType = "com.apple.product-type.application";
		};
/* End PBXNativeTarget section */

/* Begin PBXProject section */
		840AB12A13BEE8EA00B0E3DA /* Project object */ = {
			isa = PBXProject;
			buildConfigurationList = 840AB12D13BEE8EA00B0E3DA /* Build configuration list for PBXProject "Documentos" */;
			compatibilityVersion = "Xcode 3.2";
			developmentRegion = English;
			hasScannedForEncodings = 0;
			knownRegions = (
				en,
			);
			mainGroup = 840AB12813BEE8EA00B0E3DA;
			productRefGroup = 840AB13413BEE8EA00B0E3DA /* Products */;
			projectDirPath = "";
			projectRoot = "";
			targets = (
				840AB13213BEE8EA00B0E3DA /* Documentos */,
			);
		};
/* End PBXProject section */

/* Begin PBXResourcesBuildPhase section */
		840AB13113BEE8EA00B0E3DA /* Resources */ = {
			isa = PBXResourcesBuildPhase;
			buildActionMask = 2147483647;
			files = (
				840AB14213BEE8EA00B0E3DA /* InfoPlist.strings in Resources */,
				840AB14B13BEE8EA00B0E3DA /* MainWindow.xib in Resources */,
				840AB15113BEE8EA00B0E3DA /* RootViewController.xib in Resources */,
				840AB17913BEEF2F00B0E3DA /* ImportFileViewController.xib in Resources */,
			);
			runOnlyForDeploymentPostprocessing = 0;
		};
/* End PBXResourcesBuildPhase section */

/* Begin PBXSourcesBuildPhase section */
		840AB12F13BEE8EA00B0E3DA /* Sources */ = {
			isa = PBXSourcesBuildPhase;
			buildActionMask = 2147483647;
			files = (
				840AB14513BEE8EA00B0E3DA /* main.m in Sources */,
				840AB14813BEE8EA00B0E3DA /* DocumentosAppDelegate.m in Sources */,
				840AB14E13BEE8EA00B0E3DA /* RootViewController.m in Sources */,
				840AB17813BEEF2F00B0E3DA /* ImportFileViewController.m in Sources */,
			);
			runOnlyForDeploymentPostprocessing = 0;
		};
/* End PBXSourcesBuildPhase section */

/* Begin PBXVariantGroup section */
		840AB14013BEE8EA00B0E3DA /* InfoPlist.strings */ = {
			isa = PBXVariantGroup;
			children = (
				840AB14113BEE8EA00B0E3DA /* en */,
			);
			name = InfoPlist.strings;
			sourceTree = "<group>";
		};
		840AB14913BEE8EA00B0E3DA /* MainWindow.xib */ = {
			isa = PBXVariantGroup;
			children = (
				840AB14A13BEE8EA00B0E3DA /* en */,
			);
			name = MainWindow.xib;
			sourceTree = "<group>";
		};
		840AB14F13BEE8EA00B0E3DA /* RootViewController.xib */ = {
			isa = PBXVariantGroup;
			children = (
				840AB15013BEE8EA00B0E3DA /* en */,
			);
			name = RootViewController.xib;
			sourceTree = "<group>";
		};
/* End PBXVariantGroup section */

/* Begin XCBuildConfiguration section */
		840AB15213BEE8EA00B0E3DA /* Debug */ = {
			isa = XCBuildConfiguration;
			buildSettings = {
				ARCHS = "$(ARCHS_STANDARD_32_BIT)";
				"CODE_SIGN_IDENTITY[sdk=iphoneos*]" = "iPhone Developer";
				GCC_C_LANGUAGE_STANDARD = gnu99;
				GCC_OPTIMIZATION_LEVEL = 0;
				GCC_PREPROCESSOR_DEFINITIONS = DEBUG;
				GCC_SYMBOLS_PRIVATE_EXTERN = NO;
				GCC_VERSION = com.apple.compilers.llvmgcc42;
				GCC_WARN_ABOUT_RETURN_TYPE = YES;
				GCC_WARN_UNUSED_VARIABLE = YES;
				IPHONEOS_DEPLOYMENT_TARGET = 4.3;
				SDKROOT = iphoneos;
			};
			name = Debug;
		};
		840AB15313BEE8EA00B0E3DA /* Release */ = {
			isa = XCBuildConfiguration;
			buildSettings = {
				ARCHS = "$(ARCHS_STANDARD_32_BIT)";
				"CODE_SIGN_IDENTITY[sdk=iphoneos*]" = "iPhone Developer";
				GCC_C_LANGUAGE_STANDARD = gnu99;
				GCC_VERSION = com.apple.compilers.llvmgcc42;
				GCC_WARN_ABOUT_RETURN_TYPE = YES;
				GCC_WARN_UNUSED_VARIABLE = YES;
				IPHONEOS_DEPLOYMENT_TARGET = 4.3;
				OTHER_CFLAGS = "-DNS_BLOCK_ASSERTIONS=1";
				SDKROOT = iphoneos;
			};
			name = Release;
		};
		840AB15513BEE8EA00B0E3DA /* Debug */ = {
			isa = XCBuildConfiguration;
			buildSettings = {
				ALWAYS_SEARCH_USER_PATHS = NO;
				COPY_PHASE_STRIP = NO;
				GCC_DYNAMIC_NO_PIC = NO;
				GCC_PRECOMPILE_PREFIX_HEADER = YES;
				GCC_PREFIX_HEADER = "Documentos/Documentos-Prefix.pch";
				INFOPLIST_FILE = "Documentos/Documentos-Info.plist";
				PRODUCT_NAME = "$(TARGET_NAME)";
				WRAPPER_EXTENSION = app;
			};
			name = Debug;
		};
		840AB15613BEE8EA00B0E3DA /* Release */ = {
			isa = XCBuildConfiguration;
			buildSettings = {
				ALWAYS_SEARCH_USER_PATHS = NO;
				COPY_PHASE_STRIP = YES;
				GCC_PRECOMPILE_PREFIX_HEADER = YES;
				GCC_PREFIX_HEADER = "Documentos/Documentos-Prefix.pch";
				INFOPLIST_FILE = "Documentos/Documentos-Info.plist";
				PRODUCT_NAME = "$(TARGET_NAME)";
				VALIDATE_PRODUCT = YES;
				WRAPPER_EXTENSION = app;
			};
			name = Release;
		};
/* End XCBuildConfiguration section */

/* Begin XCConfigurationList section */
		840AB12D13BEE8EA00B0E3DA /* Build configuration list for PBXProject "Documentos" */ = {
			isa = XCConfigurationList;
			buildConfigurations = (
				840AB15213BEE8EA00B0E3DA /* Debug */,
				840AB15313BEE8EA00B0E3DA /* Release */,
			);
			defaultConfigurationIsVisible = 0;
			defaultConfigurationName = Release;
		};
		840AB15413BEE8EA00B0E3DA /* Build configuration list for PBXNativeTarget "Documentos" */ = {
			isa = XCConfigurationList;
			buildConfigurations = (
				840AB15513BEE8EA00B0E3DA /* Debug */,
				840AB15613BEE8EA00B0E3DA /* Release */,
			);
			defaultConfigurationIsVisible = 0;
			defaultConfigurationName = Release;
		};
/* End XCConfigurationList section */
	};
	rootObject = 840AB12A13BEE8EA00B0E3DA /* Project object */;
}
